// !$*UTF8*$!
{
	archiveVersion = 1;
	classes = {
	};
	objectVersion = 56;
	objects = {

/* Begin PBXBuildFile section */
		B521D71F2BF954F000717408 /* CustomIcon.swift in Sources */ = {isa = PBXBuildFile; fileRef = B521D71E2BF954F000717408 /* CustomIcon.swift */; };
		B5CD7A8C2BB8776A00E3DA65 /* SofraApp.swift in Sources */ = {isa = PBXBuildFile; fileRef = B5CD7A8B2BB8776A00E3DA65 /* SofraApp.swift */; };
		B5CD7A8E2BB8776A00E3DA65 /* ContentView.swift in Sources */ = {isa = PBXBuildFile; fileRef = B5CD7A8D2BB8776A00E3DA65 /* ContentView.swift */; };
		B5CD7A902BB8776D00E3DA65 /* Assets.xcassets in Resources */ = {isa = PBXBuildFile; fileRef = B5CD7A8F2BB8776D00E3DA65 /* Assets.xcassets */; };
		B5CD7A942BB8776D00E3DA65 /* Preview Assets.xcassets in Resources */ = {isa = PBXBuildFile; fileRef = B5CD7A932BB8776D00E3DA65 /* Preview Assets.xcassets */; };
		B5CD7A9E2BB8776D00E3DA65 /* SofraTests.swift in Sources */ = {isa = PBXBuildFile; fileRef = B5CD7A9D2BB8776D00E3DA65 /* SofraTests.swift */; };
		B5CD7AA82BB8776D00E3DA65 /* SofraUITests.swift in Sources */ = {isa = PBXBuildFile; fileRef = B5CD7AA72BB8776D00E3DA65 /* SofraUITests.swift */; };
		B5CD7AAA2BB8776D00E3DA65 /* SofraUITestsLaunchTests.swift in Sources */ = {isa = PBXBuildFile; fileRef = B5CD7AA92BB8776D00E3DA65 /* SofraUITestsLaunchTests.swift */; };
		B5CD7AB72BB8778800E3DA65 /* locations.json in Resources */ = {isa = PBXBuildFile; fileRef = B5CD7AB62BB8778800E3DA65 /* locations.json */; };
		0EA79B0B9F774246BAA24ABC /* LocationSyncService.swift in Sources */ = {isa = PBXBuildFile; fileRef = 45A539E0F08B4522BEB54753 /* LocationSyncService.swift */; };
		B5CD7ABA2BB877AA00E3DA65 /* MyFavoriteLocationModel.swift in Sources */ = {isa = PBXBuildFile; fileRef = B5CD7AB92BB877AA00E3DA65 /* MyFavoriteLocationModel.swift */; };
		B5CD7ABC2BB877D000E3DA65 /* CollectionModel.swift in Sources */ = {isa = PBXBuildFile; fileRef = B5CD7ABB2BB877D000E3DA65 /* CollectionModel.swift */; };
		B5CD7ABE2BB877F900E3DA65 /* PreloadContainer.swift in Sources */ = {isa = PBXBuildFile; fileRef = B5CD7ABD2BB877F900E3DA65 /* PreloadContainer.swift */; };
		B5CD7AC12BB8782E00E3DA65 /* SingleLocationView.swift in Sources */ = {isa = PBXBuildFile; fileRef = B5CD7AC02BB8782E00E3DA65 /* SingleLocationView.swift */; };
		B5CD7AC32BB8785200E3DA65 /* SingleLocationViewModel.swift in Sources */ = {isa = PBXBuildFile; fileRef = B5CD7AC22BB8785200E3DA65 /* SingleLocationViewModel.swift */; };
		B5CD7AC62BB878CD00E3DA65 /* LocationPreviewLookAroundView.swift in Sources */ = {isa = PBXBuildFile; fileRef = B5CD7AC52BB878CD00E3DA65 /* LocationPreviewLookAroundView.swift */; };
		B5CD7AC92BBB044100E3DA65 /* LocationPreviewView.swift in Sources */ = {isa = PBXBuildFile; fileRef = B5CD7AC82BBB044100E3DA65 /* LocationPreviewView.swift */; };
		B5CD7ACB2BBB28DD00E3DA65 /* SavedLocationModel.swift in Sources */ = {isa = PBXBuildFile; fileRef = B5CD7ACA2BBB28DD00E3DA65 /* SavedLocationModel.swift */; };
		B5CD7ADA2BBB6FC000E3DA65 /* FavoritesView.swift in Sources */ = {isa = PBXBuildFile; fileRef = B5CD7AD92BBB6FC000E3DA65 /* FavoritesView.swift */; };
		B5CD7ADC2BBCA90800E3DA65 /* SplashScreen.swift in Sources */ = {isa = PBXBuildFile; fileRef = B5CD7ADB2BBCA90800E3DA65 /* SplashScreen.swift */; };
		B5CD7ADE2BBCAE7300E3DA65 /* FavoritesButton.swift in Sources */ = {isa = PBXBuildFile; fileRef = B5CD7ADD2BBCAE7300E3DA65 /* FavoritesButton.swift */; };
		B5CD7AE02BC0B83100E3DA65 /* EmojiSwitcher.swift in Sources */ = {isa = PBXBuildFile; fileRef = B5CD7ADF2BC0B83100E3DA65 /* EmojiSwitcher.swift */; };
		4259367F70C79C7E4B044B90 /* Fraunces-Variable.ttf in Resources */ = {isa = PBXBuildFile; fileRef = 004C1569361A1B061E0B24B4 /* Fraunces-Variable.ttf */; };
		6B71A6CDB6A6995666FEC057 /* Inter-Variable.ttf in Resources */ = {isa = PBXBuildFile; fileRef = A46BB8E2F096F016148B310B /* Inter-Variable.ttf */; };
		52642970326AEDDB72148BF5 /* Theme.swift in Sources */ = {isa = PBXBuildFile; fileRef = C7F2B2115CF9D14246568576 /* Theme.swift */; };
/* End PBXBuildFile section */

/* Begin PBXContainerItemProxy section */
		B5CD7A9A2BB8776D00E3DA65 /* PBXContainerItemProxy */ = {
			isa = PBXContainerItemProxy;
			containerPortal = B5CD7A802BB8776A00E3DA65 /* Project object */;
			proxyType = 1;
			remoteGlobalIDString = B5CD7A872BB8776A00E3DA65;
			remoteInfo = Sofra;
		};
		B5CD7AA42BB8776D00E3DA65 /* PBXContainerItemProxy */ = {
			isa = PBXContainerItemProxy;
			containerPortal = B5CD7A802BB8776A00E3DA65 /* Project object */;
			proxyType = 1;
			remoteGlobalIDString = B5CD7A872BB8776A00E3DA65;
			remoteInfo = Sofra;
		};
/* End PBXContainerItemProxy section */

/* Begin PBXFileReference section */
		B521D71E2BF954F000717408 /* CustomIcon.swift */ = {isa = PBXFileReference; lastKnownFileType = sourcecode.swift; path = CustomIcon.swift; sourceTree = "<group>"; };
		B5CD7A882BB8776A00E3DA65 /* Sofra.app */ = {isa = PBXFileReference; explicitFileType = wrapper.application; includeInIndex = 0; path = Sofra.app; sourceTree = BUILT_PRODUCTS_DIR; };
		B5CD7A8B2BB8776A00E3DA65 /* SofraApp.swift */ = {isa = PBXFileReference; lastKnownFileType = sourcecode.swift; path = SofraApp.swift; sourceTree = "<group>"; };
		B5CD7A8D2BB8776A00E3DA65 /* ContentView.swift */ = {isa = PBXFileReference; lastKnownFileType = sourcecode.swift; path = ContentView.swift; sourceTree = "<group>"; };
		B5CD7A8F2BB8776D00E3DA65 /* Assets.xcassets */ = {isa = PBXFileReference; lastKnownFileType = folder.assetcatalog; path = Assets.xcassets; sourceTree = "<group>"; };
		B5CD7A912BB8776D00E3DA65 /* Sofra.entitlements */ = {isa = PBXFileReference; lastKnownFileType = text.plist.entitlements; path = Sofra.entitlements; sourceTree = "<group>"; };
		B5CD7A932BB8776D00E3DA65 /* Preview Assets.xcassets */ = {isa = PBXFileReference; lastKnownFileType = folder.assetcatalog; path = "Preview Assets.xcassets"; sourceTree = "<group>"; };
		B5CD7A992BB8776D00E3DA65 /* SofraTests.xctest */ = {isa = PBXFileReference; explicitFileType = wrapper.cfbundle; includeInIndex = 0; path = SofraTests.xctest; sourceTree = BUILT_PRODUCTS_DIR; };
		B5CD7A9D2BB8776D00E3DA65 /* SofraTests.swift */ = {isa = PBXFileReference; lastKnownFileType = sourcecode.swift; path = SofraTests.swift; sourceTree = "<group>"; };
		B5CD7AA32BB8776D00E3DA65 /* SofraUITests.xctest */ = {isa = PBXFileReference; explicitFileType = wrapper.cfbundle; includeInIndex = 0; path = SofraUITests.xctest; sourceTree = BUILT_PRODUCTS_DIR; };
		B5CD7AA72BB8776D00E3DA65 /* SofraUITests.swift */ = {isa = PBXFileReference; lastKnownFileType = sourcecode.swift; path = SofraUITests.swift; sourceTree = "<group>"; };
		B5CD7AA92BB8776D00E3DA65 /* SofraUITestsLaunchTests.swift */ = {isa = PBXFileReference; lastKnownFileType = sourcecode.swift; path = SofraUITestsLaunchTests.swift; sourceTree = "<group>"; };
		B5CD7AB62BB8778800E3DA65 /* locations.json */ = {isa = PBXFileReference; lastKnownFileType = text.json; path = locations.json; sourceTree = "<group>"; };
		45A539E0F08B4522BEB54753 /* LocationSyncService.swift */ = {isa = PBXFileReference; lastKnownFileType = sourcecode.swift; path = LocationSyncService.swift; sourceTree = "<group>"; };
		B5CD7AB92BB877AA00E3DA65 /* MyFavoriteLocationModel.swift */ = {isa = PBXFileReference; lastKnownFileType = sourcecode.swift; path = MyFavoriteLocationModel.swift; sourceTree = "<group>"; };
		B5CD7ABB2BB877D000E3DA65 /* CollectionModel.swift */ = {isa = PBXFileReference; lastKnownFileType = sourcecode.swift; path = CollectionModel.swift; sourceTree = "<group>"; };
		B5CD7ABD2BB877F900E3DA65 /* PreloadContainer.swift */ = {isa = PBXFileReference; lastKnownFileType = sourcecode.swift; path = PreloadContainer.swift; sourceTree = "<group>"; };
		B5CD7AC02BB8782E00E3DA65 /* SingleLocationView.swift */ = {isa = PBXFileReference; lastKnownFileType = sourcecode.swift; path = SingleLocationView.swift; sourceTree = "<group>"; };
		B5CD7AC22BB8785200E3DA65 /* SingleLocationViewModel.swift */ = {isa = PBXFileReference; lastKnownFileType = sourcecode.swift; path = SingleLocationViewModel.swift; sourceTree = "<group>"; };
		B5CD7AC52BB878CD00E3DA65 /* LocationPreviewLookAroundView.swift */ = {isa = PBXFileReference; lastKnownFileType = sourcecode.swift; path = LocationPreviewLookAroundView.swift; sourceTree = "<group>"; };
		B5CD7AC82BBB044100E3DA65 /* LocationPreviewView.swift */ = {isa = PBXFileReference; lastKnownFileType = sourcecode.swift; path = LocationPreviewView.swift; sourceTree = "<group>"; };
		B5CD7ACA2BBB28DD00E3DA65 /* SavedLocationModel.swift */ = {isa = PBXFileReference; lastKnownFileType = sourcecode.swift; path = SavedLocationModel.swift; sourceTree = "<group>"; };
		B5CD7AD92BBB6FC000E3DA65 /* FavoritesView.swift */ = {isa = PBXFileReference; lastKnownFileType = sourcecode.swift; path = FavoritesView.swift; sourceTree = "<group>"; };
		B5CD7ADB2BBCA90800E3DA65 /* SplashScreen.swift */ = {isa = PBXFileReference; lastKnownFileType = sourcecode.swift; path = SplashScreen.swift; sourceTree = "<group>"; };
		B5CD7ADD2BBCAE7300E3DA65 /* FavoritesButton.swift */ = {isa = PBXFileReference; lastKnownFileType = sourcecode.swift; path = FavoritesButton.swift; sourceTree = "<group>"; };
		B5CD7ADF2BC0B83100E3DA65 /* EmojiSwitcher.swift */ = {isa = PBXFileReference; lastKnownFileType = sourcecode.swift; path = EmojiSwitcher.swift; sourceTree = "<group>"; };
		004C1569361A1B061E0B24B4 /* Fraunces-Variable.ttf */ = {isa = PBXFileReference; lastKnownFileType = file; path = "Fraunces-Variable.ttf"; sourceTree = "<group>"; };
		A46BB8E2F096F016148B310B /* Inter-Variable.ttf */ = {isa = PBXFileReference; lastKnownFileType = file; path = "Inter-Variable.ttf"; sourceTree = "<group>"; };
		C7F2B2115CF9D14246568576 /* Theme.swift */ = {isa = PBXFileReference; lastKnownFileType = sourcecode.swift; path = Theme.swift; sourceTree = "<group>"; };
/* End PBXFileReference section */

/* Begin PBXFrameworksBuildPhase section */
		B5CD7A852BB8776A00E3DA65 /* Frameworks */ = {
			isa = PBXFrameworksBuildPhase;
			buildActionMask = 2147483647;
			files = (
			);
			runOnlyForDeploymentPostprocessing = 0;
		};
		B5CD7A962BB8776D00E3DA65 /* Frameworks */ = {
			isa = PBXFrameworksBuildPhase;
			buildActionMask = 2147483647;
			files = (
			);
			runOnlyForDeploymentPostprocessing = 0;
		};
		B5CD7AA02BB8776D00E3DA65 /* Frameworks */ = {
			isa = PBXFrameworksBuildPhase;
			buildActionMask = 2147483647;
			files = (
			);
			runOnlyForDeploymentPostprocessing = 0;
		};
/* End PBXFrameworksBuildPhase section */

/* Begin PBXGroup section */
		B5CD7A7F2BB8776A00E3DA65 = {
			isa = PBXGroup;
			children = (
				B5CD7A8A2BB8776A00E3DA65 /* Sofra */,
				B5CD7A9C2BB8776D00E3DA65 /* SofraTests */,
				B5CD7AA62BB8776D00E3DA65 /* SofraUITests */,
				B5CD7A892BB8776A00E3DA65 /* Products */,
			);
			sourceTree = "<group>";
		};
		B5CD7A892BB8776A00E3DA65 /* Products */ = {
			isa = PBXGroup;
			children = (
				B5CD7A882BB8776A00E3DA65 /* Sofra.app */,
				B5CD7A992BB8776D00E3DA65 /* SofraTests.xctest */,
				B5CD7AA32BB8776D00E3DA65 /* SofraUITests.xctest */,
			);
			name = Products;
			sourceTree = "<group>";
		};
		B5CD7A8A2BB8776A00E3DA65 /* Sofra */ = {
			isa = PBXGroup;
			children = (
				B5CD7AC72BBB043300E3DA65 /* LocationPreview */,
				B5CD7AC42BB878B800E3DA65 /* LocationViewPreviewModel */,
				B5CD7ABF2BB8781C00E3DA65 /* SingleLocationView */,
				B5CD7AB82BB8779D00E3DA65 /* Models */,
				B5CD7A8B2BB8776A00E3DA65 /* SofraApp.swift */,
				B5CD7A8D2BB8776A00E3DA65 /* ContentView.swift */,
				B5CD7A8F2BB8776D00E3DA65 /* Assets.xcassets */,
				B5CD7A912BB8776D00E3DA65 /* Sofra.entitlements */,
				B5CD7A922BB8776D00E3DA65 /* Preview Content */,
				B5CD7AB62BB8778800E3DA65 /* locations.json */,
				B5CD7AD92BBB6FC000E3DA65 /* FavoritesView.swift */,
				B5CD7ADB2BBCA90800E3DA65 /* SplashScreen.swift */,
				B5CD7ADD2BBCAE7300E3DA65 /* FavoritesButton.swift */,
				B5CD7ADF2BC0B83100E3DA65 /* EmojiSwitcher.swift */,
				B521D71E2BF954F000717408 /* CustomIcon.swift */,
				C7F2B2115CF9D14246568576 /* Theme.swift */,
				435A801987584483F0C079CF /* Fonts */,
			);
			path = Sofra;
			sourceTree = "<group>";
		};
		435A801987584483F0C079CF /* Fonts */ = {
			isa = PBXGroup;
			children = (
				004C1569361A1B061E0B24B4 /* Fraunces-Variable.ttf */,
				A46BB8E2F096F016148B310B /* Inter-Variable.ttf */,
			);
			path = Fonts;
			sourceTree = "<group>";
		};
		B5CD7A922BB8776D00E3DA65 /* Preview Content */ = {
			isa = PBXGroup;
			children = (
				B5CD7A932BB8776D00E3DA65 /* Preview Assets.xcassets */,
			);
			path = "Preview Content";
			sourceTree = "<group>";
		};
		B5CD7A9C2BB8776D00E3DA65 /* SofraTests */ = {
			isa = PBXGroup;
			children = (
				B5CD7A9D2BB8776D00E3DA65 /* SofraTests.swift */,
			);
			path = SofraTests;
			sourceTree = "<group>";
		};
		B5CD7AA62BB8776D00E3DA65 /* SofraUITests */ = {
			isa = PBXGroup;
			children = (
				B5CD7AA72BB8776D00E3DA65 /* SofraUITests.swift */,
				B5CD7AA92BB8776D00E3DA65 /* SofraUITestsLaunchTests.swift */,
			);
			path = SofraUITests;
			sourceTree = "<group>";
		};
		B5CD7AB82BB8779D00E3DA65 /* Models */ = {
			isa = PBXGroup;
			children = (
				45A539E0F08B4522BEB54753 /* LocationSyncService.swift */,
				B5CD7AB92BB877AA00E3DA65 /* MyFavoriteLocationModel.swift */,
				B5CD7ABB2BB877D000E3DA65 /* CollectionModel.swift */,
				B5CD7ABD2BB877F900E3DA65 /* PreloadContainer.swift */,
				B5CD7ACA2BBB28DD00E3DA65 /* SavedLocationModel.swift */,
			);
			path = Models;
			sourceTree = "<group>";
		};
		B5CD7ABF2BB8781C00E3DA65 /* SingleLocationView */ = {
			isa = PBXGroup;
			children = (
				B5CD7AC02BB8782E00E3DA65 /* SingleLocationView.swift */,
				B5CD7AC22BB8785200E3DA65 /* SingleLocationViewModel.swift */,
			);
			path = SingleLocationView;
			sourceTree = "<group>";
		};
		B5CD7AC42BB878B800E3DA65 /* LocationViewPreviewModel */ = {
			isa = PBXGroup;
			children = (
				B5CD7AC52BB878CD00E3DA65 /* LocationPreviewLookAroundView.swift */,
			);
			path = LocationViewPreviewModel;
			sourceTree = "<group>";
		};
		B5CD7AC72BBB043300E3DA65 /* LocationPreview */ = {
			isa = PBXGroup;
			children = (
				B5CD7AC82BBB044100E3DA65 /* LocationPreviewView.swift */,
			);
			path = LocationPreview;
			sourceTree = "<group>";
		};
/* End PBXGroup section */

/* Begin PBXNativeTarget section */
		B5CD7A872BB8776A00E3DA65 /* Sofra */ = {
			isa = PBXNativeTarget;
			buildConfigurationList = B5CD7AAD2BB8776D00E3DA65 /* Build configuration list for PBXNativeTarget "Sofra" */;
			buildPhases = (
				B5CD7A842BB8776A00E3DA65 /* Sources */,
				B5CD7A852BB8776A00E3DA65 /* Frameworks */,
				B5CD7A862BB8776A00E3DA65 /* Resources */,
			);
			buildRules = (
			);
			dependencies = (
			);
			name = Sofra;
			productName = Sofra;
			productReference = B5CD7A882BB8776A00E3DA65 /* Sofra.app */;
			productType = "com.apple.product-type.application";
		};
		B5CD7A982BB8776D00E3DA65 /* SofraTests */ = {
			isa = PBXNativeTarget;
			buildConfigurationList = B5CD7AB02BB8776D00E3DA65 /* Build configuration list for PBXNativeTarget "SofraTests" */;
			buildPhases = (
				B5CD7A952BB8776D00E3DA65 /* Sources */,
				B5CD7A962BB8776D00E3DA65 /* Frameworks */,
				B5CD7A972BB8776D00E3DA65 /* Resources */,
			);
			buildRules = (
			);
			dependencies = (
				B5CD7A9B2BB8776D00E3DA65 /* PBXTargetDependency */,
			);
			name = SofraTests;
			productName = SofraTests;
			productReference = B5CD7A992BB8776D00E3DA65 /* SofraTests.xctest */;
			productType = "com.apple.product-type.bundle.unit-test";
		};
		B5CD7AA22BB8776D00E3DA65 /* SofraUITests */ = {
			isa = PBXNativeTarget;
			buildConfigurationList = B5CD7AB32BB8776D00E3DA65 /* Build configuration list for PBXNativeTarget "SofraUITests" */;
			buildPhases = (
				B5CD7A9F2BB8776D00E3DA65 /* Sources */,
				B5CD7AA02BB8776D00E3DA65 /* Frameworks */,
				B5CD7AA12BB8776D00E3DA65 /* Resources */,
			);
			buildRules = (
			);
			dependencies = (
				B5CD7AA52BB8776D00E3DA65 /* PBXTargetDependency */,
			);
			name = SofraUITests;
			productName = SofraUITests;
			productReference = B5CD7AA32BB8776D00E3DA65 /* SofraUITests.xctest */;
			productType = "com.apple.product-type.bundle.ui-testing";
		};
/* End PBXNativeTarget section */

/* Begin PBXProject section */
		B5CD7A802BB8776A00E3DA65 /* Project object */ = {
			isa = PBXProject;
			attributes = {
				BuildIndependentTargetsInParallel = 1;
				LastSwiftUpdateCheck = 1530;
				LastUpgradeCheck = 1530;
				TargetAttributes = {
					B5CD7A872BB8776A00E3DA65 = {
						CreatedOnToolsVersion = 15.3;
					};
					B5CD7A982BB8776D00E3DA65 = {
						CreatedOnToolsVersion = 15.3;
						TestTargetID = B5CD7A872BB8776A00E3DA65;
					};
					B5CD7AA22BB8776D00E3DA65 = {
						CreatedOnToolsVersion = 15.3;
						TestTargetID = B5CD7A872BB8776A00E3DA65;
					};
				};
			};
			buildConfigurationList = B5CD7A832BB8776A00E3DA65 /* Build configuration list for PBXProject "Sofra" */;
			compatibilityVersion = "Xcode 14.0";
			developmentRegion = en;
			hasScannedForEncodings = 0;
			knownRegions = (
				en,
				Base,
			);
			mainGroup = B5CD7A7F2BB8776A00E3DA65;
			productRefGroup = B5CD7A892BB8776A00E3DA65 /* Products */;
			projectDirPath = "";
			projectRoot = "";
			targets = (
				B5CD7A872BB8776A00E3DA65 /* Sofra */,
				B5CD7A982BB8776D00E3DA65 /* SofraTests */,
				B5CD7AA22BB8776D00E3DA65 /* SofraUITests */,
			);
		};
/* End PBXProject section */

/* Begin PBXResourcesBuildPhase section */
		B5CD7A862BB8776A00E3DA65 /* Resources */ = {
			isa = PBXResourcesBuildPhase;
			buildActionMask = 2147483647;
			files = (
				B5CD7A942BB8776D00E3DA65 /* Preview Assets.xcassets in Resources */,
				B5CD7AB72BB8778800E3DA65 /* locations.json in Resources */,
				B5CD7A902BB8776D00E3DA65 /* Assets.xcassets in Resources */,
				4259367F70C79C7E4B044B90 /* Fraunces-Variable.ttf in Resources */,
				6B71A6CDB6A6995666FEC057 /* Inter-Variable.ttf in Resources */,
			);
			runOnlyForDeploymentPostprocessing = 0;
		};
		B5CD7A972BB8776D00E3DA65 /* Resources */ = {
			isa = PBXResourcesBuildPhase;
			buildActionMask = 2147483647;
			files = (
			);
			runOnlyForDeploymentPostprocessing = 0;
		};
		B5CD7AA12BB8776D00E3DA65 /* Resources */ = {
			isa = PBXResourcesBuildPhase;
			buildActionMask = 2147483647;
			files = (
			);
			runOnlyForDeploymentPostprocessing = 0;
		};
/* End PBXResourcesBuildPhase section */

/* Begin PBXSourcesBuildPhase section */
		B5CD7A842BB8776A00E3DA65 /* Sources */ = {
			isa = PBXSourcesBuildPhase;
			buildActionMask = 2147483647;
			files = (
				B5CD7ADC2BBCA90800E3DA65 /* SplashScreen.swift in Sources */,
				B5CD7ADA2BBB6FC000E3DA65 /* FavoritesView.swift in Sources */,
				B5CD7A8E2BB8776A00E3DA65 /* ContentView.swift in Sources */,
				B5CD7AC12BB8782E00E3DA65 /* SingleLocationView.swift in Sources */,
				B5CD7ACB2BBB28DD00E3DA65 /* SavedLocationModel.swift in Sources */,
				B5CD7AC62BB878CD00E3DA65 /* LocationPreviewLookAroundView.swift in Sources */,
				B5CD7ABC2BB877D000E3DA65 /* CollectionModel.swift in Sources */,
				B5CD7AE02BC0B83100E3DA65 /* EmojiSwitcher.swift in Sources */,
				B5CD7AC92BBB044100E3DA65 /* LocationPreviewView.swift in Sources */,
				B521D71F2BF954F000717408 /* CustomIcon.swift in Sources */,
				B5CD7AC32BB8785200E3DA65 /* SingleLocationViewModel.swift in Sources */,
				B5CD7ADE2BBCAE7300E3DA65 /* FavoritesButton.swift in Sources */,
				B5CD7A8C2BB8776A00E3DA65 /* SofraApp.swift in Sources */,
				0EA79B0B9F774246BAA24ABC /* LocationSyncService.swift in Sources */,
				B5CD7ABA2BB877AA00E3DA65 /* MyFavoriteLocationModel.swift in Sources */,
				B5CD7ABE2BB877F900E3DA65 /* PreloadContainer.swift in Sources */,
				52642970326AEDDB72148BF5 /* Theme.swift in Sources */,
			);
			runOnlyForDeploymentPostprocessing = 0;
		};
		B5CD7A952BB8776D00E3DA65 /* Sources */ = {
			isa = PBXSourcesBuildPhase;
			buildActionMask = 2147483647;
			files = (
				B5CD7A9E2BB8776D00E3DA65 /* SofraTests.swift in Sources */,
			);
			runOnlyForDeploymentPostprocessing = 0;
		};
		B5CD7A9F2BB8776D00E3DA65 /* Sources */ = {
			isa = PBXSourcesBuildPhase;
			buildActionMask = 2147483647;
			files = (
				B5CD7AAA2BB8776D00E3DA65 /* SofraUITestsLaunchTests.swift in Sources */,
				B5CD7AA82BB8776D00E3DA65 /* SofraUITests.swift in Sources */,
			);
			runOnlyForDeploymentPostprocessing = 0;
		};
/* End PBXSourcesBuildPhase section */

/* Begin PBXTargetDependency section */
		B5CD7A9B2BB8776D00E3DA65 /* PBXTargetDependency */ = {
			isa = PBXTargetDependency;
			target = B5CD7A872BB8776A00E3DA65 /* Sofra */;
			targetProxy = B5CD7A9A2BB8776D00E3DA65 /* PBXContainerItemProxy */;
		};
		B5CD7AA52BB8776D00E3DA65 /* PBXTargetDependency */ = {
			isa = PBXTargetDependency;
			target = B5CD7A872BB8776A00E3DA65 /* Sofra */;
			targetProxy = B5CD7AA42BB8776D00E3DA65 /* PBXContainerItemProxy */;
		};
/* End PBXTargetDependency section */

/* Begin XCBuildConfiguration section */
		B5CD7AAB2BB8776D00E3DA65 /* Debug */ = {
			isa = XCBuildConfiguration;
			buildSettings = {
				ALWAYS_SEARCH_USER_PATHS = NO;
				ASSETCATALOG_COMPILER_GENERATE_SWIFT_ASSET_SYMBOL_EXTENSIONS = YES;
				CLANG_ANALYZER_NONNULL = YES;
				CLANG_ANALYZER_NUMBER_OBJECT_CONVERSION = YES_AGGRESSIVE;
				CLANG_CXX_LANGUAGE_STANDARD = "gnu++20";
				CLANG_ENABLE_MODULES = YES;
				CLANG_ENABLE_OBJC_ARC = YES;
				CLANG_ENABLE_OBJC_WEAK = YES;
				CLANG_WARN_BLOCK_CAPTURE_AUTORELEASING = YES;
				CLANG_WARN_BOOL_CONVERSION = YES;
				CLANG_WARN_COMMA = YES;
				CLANG_WARN_CONSTANT_CONVERSION = YES;
				CLANG_WARN_DEPRECATED_OBJC_IMPLEMENTATIONS = YES;
				CLANG_WARN_DIRECT_OBJC_ISA_USAGE = YES_ERROR;
				CLANG_WARN_DOCUMENTATION_COMMENTS = YES;
				CLANG_WARN_EMPTY_BODY = YES;
				CLANG_WARN_ENUM_CONVERSION = YES;
				CLANG_WARN_INFINITE_RECURSION = YES;
				CLANG_WARN_INT_CONVERSION = YES;
				CLANG_WARN_NON_LITERAL_NULL_CONVERSION = YES;
				CLANG_WARN_OBJC_IMPLICIT_RETAIN_SELF = YES;
				CLANG_WARN_OBJC_LITERAL_CONVERSION = YES;
				CLANG_WARN_OBJC_ROOT_CLASS = YES_ERROR;
				CLANG_WARN_QUOTED_INCLUDE_IN_FRAMEWORK_HEADER = YES;
				CLANG_WARN_RANGE_LOOP_ANALYSIS = YES;
				CLANG_WARN_STRICT_PROTOTYPES = YES;
				CLANG_WARN_SUSPICIOUS_MOVE = YES;
				CLANG_WARN_UNGUARDED_AVAILABILITY = YES_AGGRESSIVE;
				CLANG_WARN_UNREACHABLE_CODE = YES;
				CLANG_WARN__DUPLICATE_METHOD_MATCH = YES;
				COPY_PHASE_STRIP = NO;
				DEBUG_INFORMATION_FORMAT = dwarf;
				ENABLE_STRICT_OBJC_MSGSEND = YES;
				ENABLE_TESTABILITY = YES;
				ENABLE_USER_SCRIPT_SANDBOXING = YES;
				GCC_C_LANGUAGE_STANDARD = gnu17;
				GCC_DYNAMIC_NO_PIC = NO;
				GCC_NO_COMMON_BLOCKS = YES;
				GCC_OPTIMIZATION_LEVEL = 0;
				GCC_PREPROCESSOR_DEFINITIONS = (
					"DEBUG=1",
					"$(inherited)",
				);
				GCC_WARN_64_TO_32_BIT_CONVERSION = YES;
				GCC_WARN_ABOUT_RETURN_TYPE = YES_ERROR;
				GCC_WARN_UNDECLARED_SELECTOR = YES;
				GCC_WARN_UNINITIALIZED_AUTOS = YES_AGGRESSIVE;
				GCC_WARN_UNUSED_FUNCTION = YES;
				GCC_WARN_UNUSED_VARIABLE = YES;
				LOCALIZATION_PREFERS_STRING_CATALOGS = YES;
				MTL_ENABLE_DEBUG_INFO = INCLUDE_SOURCE;
				MTL_FAST_MATH = YES;
				ONLY_ACTIVE_ARCH = YES;
				SWIFT_ACTIVE_COMPILATION_CONDITIONS = "DEBUG $(inherited)";
				SWIFT_OPTIMIZATION_LEVEL = "-Onone";
			};
			name = Debug;
		};
		B5CD7AAC2BB8776D00E3DA65 /* Release */ = {
			isa = XCBuildConfiguration;
			buildSettings = {
				ALWAYS_SEARCH_USER_PATHS = NO;
				ASSETCATALOG_COMPILER_GENERATE_SWIFT_ASSET_SYMBOL_EXTENSIONS = YES;
				CLANG_ANALYZER_NONNULL = YES;
				CLANG_ANALYZER_NUMBER_OBJECT_CONVERSION = YES_AGGRESSIVE;
				CLANG_CXX_LANGUAGE_STANDARD = "gnu++20";
				CLANG_ENABLE_MODULES = YES;
				CLANG_ENABLE_OBJC_ARC = YES;
				CLANG_ENABLE_OBJC_WEAK = YES;
				CLANG_WARN_BLOCK_CAPTURE_AUTORELEASING = YES;
				CLANG_WARN_BOOL_CONVERSION = YES;
				CLANG_WARN_COMMA = YES;
				CLANG_WARN_CONSTANT_CONVERSION = YES;
				CLANG_WARN_DEPRECATED_OBJC_IMPLEMENTATIONS = YES;
				CLANG_WARN_DIRECT_OBJC_ISA_USAGE = YES_ERROR;
				CLANG_WARN_DOCUMENTATION_COMMENTS = YES;
				CLANG_WARN_EMPTY_BODY = YES;
				CLANG_WARN_ENUM_CONVERSION = YES;
				CLANG_WARN_INFINITE_RECURSION = YES;
				CLANG_WARN_INT_CONVERSION = YES;
				CLANG_WARN_NON_LITERAL_NULL_CONVERSION = YES;
				CLANG_WARN_OBJC_IMPLICIT_RETAIN_SELF = YES;
				CLANG_WARN_OBJC_LITERAL_CONVERSION = YES;
				CLANG_WARN_OBJC_ROOT_CLASS = YES_ERROR;
				CLANG_WARN_QUOTED_INCLUDE_IN_FRAMEWORK_HEADER = YES;
				CLANG_WARN_RANGE_LOOP_ANALYSIS = YES;
				CLANG_WARN_STRICT_PROTOTYPES = YES;
				CLANG_WARN_SUSPICIOUS_MOVE = YES;
				CLANG_WARN_UNGUARDED_AVAILABILITY = YES_AGGRESSIVE;
				CLANG_WARN_UNREACHABLE_CODE = YES;
				CLANG_WARN__DUPLICATE_METHOD_MATCH = YES;
				COPY_PHASE_STRIP = NO;
				DEBUG_INFORMATION_FORMAT = "dwarf-with-dsym";
				ENABLE_NS_ASSERTIONS = NO;
				ENABLE_STRICT_OBJC_MSGSEND = YES;
				ENABLE_USER_SCRIPT_SANDBOXING = YES;
				GCC_C_LANGUAGE_STANDARD = gnu17;
				GCC_NO_COMMON_BLOCKS = YES;
				GCC_WARN_64_TO_32_BIT_CONVERSION = YES;
				GCC_WARN_ABOUT_RETURN_TYPE = YES_ERROR;
				GCC_WARN_UNDECLARED_SELECTOR = YES;
				GCC_WARN_UNINITIALIZED_AUTOS = YES_AGGRESSIVE;
				GCC_WARN_UNUSED_FUNCTION = YES;
				GCC_WARN_UNUSED_VARIABLE = YES;
				LOCALIZATION_PREFERS_STRING_CATALOGS = YES;
				MTL_ENABLE_DEBUG_INFO = NO;
				MTL_FAST_MATH = YES;
				SWIFT_COMPILATION_MODE = wholemodule;
			};
			name = Release;
		};
		B5CD7AAE2BB8776D00E3DA65 /* Debug */ = {
			isa = XCBuildConfiguration;
			buildSettings = {
				ASSETCATALOG_COMPILER_APPICON_NAME = AppIcon;
				ASSETCATALOG_COMPILER_GLOBAL_ACCENT_COLOR_NAME = AccentColor;
				CODE_SIGN_ENTITLEMENTS = Sofra/Sofra.entitlements;
				CODE_SIGN_STYLE = Automatic;
				CURRENT_PROJECT_VERSION = 1;
				DEVELOPMENT_ASSET_PATHS = "\"Sofra/Preview Content\"";
				DEVELOPMENT_TEAM = DP35G3JNX9;
				ENABLE_HARDENED_RUNTIME = YES;
				ENABLE_PREVIEWS = YES;
				GENERATE_INFOPLIST_FILE = YES;
				INFOPLIST_KEY_LSApplicationCategoryType = "public.app-category.food-and-drink";
				INFOPLIST_KEY_NSLocationWhenInUseUsageDescription = "Sofra uses your location to show halal spots near you.";
				"INFOPLIST_KEY_UIApplicationSceneManifest_Generation[sdk=iphoneos*]" = YES;
				"INFOPLIST_KEY_UIApplicationSceneManifest_Generation[sdk=iphonesimulator*]" = YES;
				"INFOPLIST_KEY_UIApplicationSupportsIndirectInputEvents[sdk=iphoneos*]" = YES;
				"INFOPLIST_KEY_UIApplicationSupportsIndirectInputEvents[sdk=iphonesimulator*]" = YES;
				"INFOPLIST_KEY_UILaunchScreen_Generation[sdk=iphoneos*]" = YES;
				"INFOPLIST_KEY_UILaunchScreen_Generation[sdk=iphonesimulator*]" = YES;
				"INFOPLIST_KEY_UIStatusBarStyle[sdk=iphoneos*]" = UIStatusBarStyleDefault;
				"INFOPLIST_KEY_UIStatusBarStyle[sdk=iphonesimulator*]" = UIStatusBarStyleDefault;
				INFOPLIST_KEY_UISupportedInterfaceOrientations_iPad = "UIInterfaceOrientationPortrait UIInterfaceOrientationPortraitUpsideDown UIInterfaceOrientationLandscapeLeft UIInterfaceOrientationLandscapeRight";
				INFOPLIST_KEY_UISupportedInterfaceOrientations_iPhone = "UIInterfaceOrientationPortrait UIInterfaceOrientationLandscapeLeft UIInterfaceOrientationLandscapeRight";
				IPHONEOS_DEPLOYMENT_TARGET = 17.4;
				LD_RUNPATH_SEARCH_PATHS = "@executable_path/Frameworks";
				"LD_RUNPATH_SEARCH_PATHS[sdk=macosx*]" = "@executable_path/../Frameworks";
				MACOSX_DEPLOYMENT_TARGET = 14.4;
				MARKETING_VERSION = 1.0;
				PRODUCT_BUNDLE_IDENTIFIER = "com.abdullahridwan.sofra";
				PRODUCT_NAME = "$(TARGET_NAME)";
				SDKROOT = auto;
				SUPPORTED_PLATFORMS = "iphoneos iphonesimulator macosx";
				SWIFT_EMIT_LOC_STRINGS = YES;
				SWIFT_VERSION = 5.0;
				TARGETED_DEVICE_FAMILY = "1,2";
			};
			name = Debug;
		};
		B5CD7AAF2BB8776D00E3DA65 /* Release */ = {
			isa = XCBuildConfiguration;
			buildSettings = {
				ASSETCATALOG_COMPILER_APPICON_NAME = AppIcon;
				ASSETCATALOG_COMPILER_GLOBAL_ACCENT_COLOR_NAME = AccentColor;
				CODE_SIGN_ENTITLEMENTS = Sofra/Sofra.entitlements;
				CODE_SIGN_STYLE = Automatic;
				CURRENT_PROJECT_VERSION = 1;
				DEVELOPMENT_ASSET_PATHS = "\"Sofra/Preview Content\"";
				DEVELOPMENT_TEAM = DP35G3JNX9;
				ENABLE_HARDENED_RUNTIME = YES;
				ENABLE_PREVIEWS = YES;
				GENERATE_INFOPLIST_FILE = YES;
				INFOPLIST_KEY_LSApplicationCategoryType = "public.app-category.food-and-drink";
				INFOPLIST_KEY_NSLocationWhenInUseUsageDescription = "Sofra uses your location to show halal spots near you.";
				"INFOPLIST_KEY_UIApplicationSceneManifest_Generation[sdk=iphoneos*]" = YES;
				"INFOPLIST_KEY_UIApplicationSceneManifest_Generation[sdk=iphonesimulator*]" = YES;
				"INFOPLIST_KEY_UIApplicationSupportsIndirectInputEvents[sdk=iphoneos*]" = YES;
				"INFOPLIST_KEY_UIApplicationSupportsIndirectInputEvents[sdk=iphonesimulator*]" = YES;
				"INFOPLIST_KEY_UILaunchScreen_Generation[sdk=iphoneos*]" = YES;
				"INFOPLIST_KEY_UILaunchScreen_Generation[sdk=iphonesimulator*]" = YES;
				"INFOPLIST_KEY_UIStatusBarStyle[sdk=iphoneos*]" = UIStatusBarStyleDefault;
				"INFOPLIST_KEY_UIStatusBarStyle[sdk=iphonesimulator*]" = UIStatusBarStyleDefault;
				INFOPLIST_KEY_UISupportedInterfaceOrientations_iPad = "UIInterfaceOrientationPortrait UIInterfaceOrientationPortraitUpsideDown UIInterfaceOrientationLandscapeLeft UIInterfaceOrientationLandscapeRight";
				INFOPLIST_KEY_UISupportedInterfaceOrientations_iPhone = "UIInterfaceOrientationPortrait UIInterfaceOrientationLandscapeLeft UIInterfaceOrientationLandscapeRight";
				IPHONEOS_DEPLOYMENT_TARGET = 17.4;
				LD_RUNPATH_SEARCH_PATHS = "@executable_path/Frameworks";
				"LD_RUNPATH_SEARCH_PATHS[sdk=macosx*]" = "@executable_path/../Frameworks";
				MACOSX_DEPLOYMENT_TARGET = 14.4;
				MARKETING_VERSION = 1.0;
				PRODUCT_BUNDLE_IDENTIFIER = "com.abdullahridwan.sofra";
				PRODUCT_NAME = "$(TARGET_NAME)";
				SDKROOT = auto;
				SUPPORTED_PLATFORMS = "iphoneos iphonesimulator macosx";
				SWIFT_EMIT_LOC_STRINGS = YES;
				SWIFT_VERSION = 5.0;
				TARGETED_DEVICE_FAMILY = "1,2";
			};
			name = Release;
		};
		B5CD7AB12BB8776D00E3DA65 /* Debug */ = {
			isa = XCBuildConfiguration;
			buildSettings = {
				ALWAYS_EMBED_SWIFT_STANDARD_LIBRARIES = YES;
				BUNDLE_LOADER = "$(TEST_HOST)";
				CODE_SIGN_STYLE = Automatic;
				CURRENT_PROJECT_VERSION = 1;
				DEVELOPMENT_TEAM = DP35G3JNX9;
				GENERATE_INFOPLIST_FILE = YES;
				IPHONEOS_DEPLOYMENT_TARGET = 17.4;
				MACOSX_DEPLOYMENT_TARGET = 14.4;
				MARKETING_VERSION = 1.0;
				PRODUCT_BUNDLE_IDENTIFIER = "com.abdullahridwan.sofra.SofraTests";
				PRODUCT_NAME = "$(TARGET_NAME)";
				SDKROOT = auto;
				SUPPORTED_PLATFORMS = "iphoneos iphonesimulator macosx";
				SWIFT_EMIT_LOC_STRINGS = NO;
				SWIFT_VERSION = 5.0;
				TARGETED_DEVICE_FAMILY = "1,2";
				TEST_HOST = "$(BUILT_PRODUCTS_DIR)/Sofra.app/$(BUNDLE_EXECUTABLE_FOLDER_PATH)/Sofra";
			};
			name = Debug;
		};
		B5CD7AB22BB8776D00E3DA65 /* Release */ = {
			isa = XCBuildConfiguration;
			buildSettings = {
				ALWAYS_EMBED_SWIFT_STANDARD_LIBRARIES = YES;
				BUNDLE_LOADER = "$(TEST_HOST)";
				CODE_SIGN_STYLE = Automatic;
				CURRENT_PROJECT_VERSION = 1;
				DEVELOPMENT_TEAM = DP35G3JNX9;
				GENERATE_INFOPLIST_FILE = YES;
				IPHONEOS_DEPLOYMENT_TARGET = 17.4;
				MACOSX_DEPLOYMENT_TARGET = 14.4;
				MARKETING_VERSION = 1.0;
				PRODUCT_BUNDLE_IDENTIFIER = "com.abdullahridwan.sofra.SofraTests";
				PRODUCT_NAME = "$(TARGET_NAME)";
				SDKROOT = auto;
				SUPPORTED_PLATFORMS = "iphoneos iphonesimulator macosx";
				SWIFT_EMIT_LOC_STRINGS = NO;
				SWIFT_VERSION = 5.0;
				TARGETED_DEVICE_FAMILY = "1,2";
				TEST_HOST = "$(BUILT_PRODUCTS_DIR)/Sofra.app/$(BUNDLE_EXECUTABLE_FOLDER_PATH)/Sofra";
			};
			name = Release;
		};
		B5CD7AB42BB8776D00E3DA65 /* Debug */ = {
			isa = XCBuildConfiguration;
			buildSettings = {
				ALWAYS_EMBED_SWIFT_STANDARD_LIBRARIES = YES;
				CODE_SIGN_STYLE = Automatic;
				CURRENT_PROJECT_VERSION = 1;
				DEVELOPMENT_TEAM = DP35G3JNX9;
				GENERATE_INFOPLIST_FILE = YES;
				IPHONEOS_DEPLOYMENT_TARGET = 17.4;
				MACOSX_DEPLOYMENT_TARGET = 14.4;
				MARKETING_VERSION = 1.0;
				PRODUCT_BUNDLE_IDENTIFIER = "com.abdullahridwan.sofra.SofraUITests";
				PRODUCT_NAME = "$(TARGET_NAME)";
				SDKROOT = auto;
				SUPPORTED_PLATFORMS = "iphoneos iphonesimulator macosx";
				SWIFT_EMIT_LOC_STRINGS = NO;
				SWIFT_VERSION = 5.0;
				TARGETED_DEVICE_FAMILY = "1,2";
				TEST_TARGET_NAME = Sofra;
			};
			name = Debug;
		};
		B5CD7AB52BB8776D00E3DA65 /* Release */ = {
			isa = XCBuildConfiguration;
			buildSettings = {
				ALWAYS_EMBED_SWIFT_STANDARD_LIBRARIES = YES;
				CODE_SIGN_STYLE = Automatic;
				CURRENT_PROJECT_VERSION = 1;
				DEVELOPMENT_TEAM = DP35G3JNX9;
				GENERATE_INFOPLIST_FILE = YES;
				IPHONEOS_DEPLOYMENT_TARGET = 17.4;
				MACOSX_DEPLOYMENT_TARGET = 14.4;
				MARKETING_VERSION = 1.0;
				PRODUCT_BUNDLE_IDENTIFIER = "com.abdullahridwan.sofra.SofraUITests";
				PRODUCT_NAME = "$(TARGET_NAME)";
				SDKROOT = auto;
				SUPPORTED_PLATFORMS = "iphoneos iphonesimulator macosx";
				SWIFT_EMIT_LOC_STRINGS = NO;
				SWIFT_VERSION = 5.0;
				TARGETED_DEVICE_FAMILY = "1,2";
				TEST_TARGET_NAME = Sofra;
			};
			name = Release;
		};
/* End XCBuildConfiguration section */

/* Begin XCConfigurationList section */
		B5CD7A832BB8776A00E3DA65 /* Build configuration list for PBXProject "Sofra" */ = {
			isa = XCConfigurationList;
			buildConfigurations = (
				B5CD7AAB2BB8776D00E3DA65 /* Debug */,
				B5CD7AAC2BB8776D00E3DA65 /* Release */,
			);
			defaultConfigurationIsVisible = 0;
			defaultConfigurationName = Release;
		};
		B5CD7AAD2BB8776D00E3DA65 /* Build configuration list for PBXNativeTarget "Sofra" */ = {
			isa = XCConfigurationList;
			buildConfigurations = (
				B5CD7AAE2BB8776D00E3DA65 /* Debug */,
				B5CD7AAF2BB8776D00E3DA65 /* Release */,
			);
			defaultConfigurationIsVisible = 0;
			defaultConfigurationName = Release;
		};
		B5CD7AB02BB8776D00E3DA65 /* Build configuration list for PBXNativeTarget "SofraTests" */ = {
			isa = XCConfigurationList;
			buildConfigurations = (
				B5CD7AB12BB8776D00E3DA65 /* Debug */,
				B5CD7AB22BB8776D00E3DA65 /* Release */,
			);
			defaultConfigurationIsVisible = 0;
			defaultConfigurationName = Release;
		};
		B5CD7AB32BB8776D00E3DA65 /* Build configuration list for PBXNativeTarget "SofraUITests" */ = {
			isa = XCConfigurationList;
			buildConfigurations = (
				B5CD7AB42BB8776D00E3DA65 /* Debug */,
				B5CD7AB52BB8776D00E3DA65 /* Release */,
			);
			defaultConfigurationIsVisible = 0;
			defaultConfigurationName = Release;
		};
/* End XCConfigurationList section */
	};
	rootObject = B5CD7A802BB8776A00E3DA65 /* Project object */;
}
